
Microsoft Visual Studio Solution File, Format Version 12.00
Project("{FAE04EC0-301F-11D3-BF4B-00C04F79EFBC}") = "Olymp", "Olymp\Olymp.csproj", "{81EB4D87-2D55-49C0-A7AE-ADA390CBB977}"
EndProject
Global
	GlobalSection(SolutionConfigurationPlatforms) = preSolution
		Debug|Any CPU = Debug|Any CPU
		Release|Any CPU = Release|Any CPU
	EndGlobalSection
	GlobalSection(ProjectConfigurationPlatforms) = postSolution
		{81EB4D87-2D55-49C0-A7AE-ADA390CBB977}.Debug|Any CPU.ActiveCfg = Debug|Any CPU
		{81EB4D87-2D55-49C0-A7AE-ADA390CBB977}.Debug|Any CPU.Build.0 = Debug|Any CPU
		{81EB4D87-2D55-49C0-A7AE-ADA390CBB977}.Release|Any CPU.ActiveCfg = Release|Any CPU
		{81EB4D87-2D55-49C0-A7AE-ADA390CBB977}.Release|Any CPU.Build.0 = Release|Any CPU
	EndGlobalSection
EndGlobal
